
Microsoft Visual Studio Solution File, Format Version 12.00
# Visual Studio Version 17
VisualStudioVersion = 17.0.31903.59
MinimumVisualStudioVersion = 10.0.40219.1
Project("{2150E333-8FDC-42A3-9474-1A3956D46DE8}") = "services", "services", "{5854FF58-B8C5-05C6-5BF2-ACE42193F22B}"
EndProject
Project("{2150E333-8FDC-42A3-9474-1A3956D46DE8}") = "core-api", "core-api", "{C61FFABA-6BE1-8DB9-97C8-179EA97A91C6}"
EndProject
Project("{FAE04EC0-301F-11D3-BF4B-00C04F79EFBC}") = "WorkOS.Api", "services\core-api\WorkOS.Api\WorkOS.Api.csproj", "{7E700882-D2C9-4793-A9BB-939B01373F5D}"
EndProject
Project("{2150E333-8FDC-42A3-9474-1A3956D46DE8}") = "tests", "tests", "{0AB3BF05-4346-4AA6-1389-037BE0695223}"
EndProject
Project("{FAE04EC0-301F-11D3-BF4B-00C04F79EFBC}") = "WorkOS.RuntimeContractTests", "tests\WorkOS.RuntimeContractTests\WorkOS.RuntimeContractTests.csproj", "{1051CB13-231B-444F-B39C-29C1E8D95ED8}"
EndProject
Project("{FAE04EC0-301F-11D3-BF4B-00C04F79EFBC}") = "WorkOS.UnitTests", "tests\WorkOS.UnitTests\WorkOS.UnitTests.csproj", "{EF9E8284-721B-450B-B431-A8DB5172F428}"
EndProject
Project("{FAE04EC0-301F-11D3-BF4B-00C04F79EFBC}") = "WorkOS.RuntimeIntegrationTests", "tests\WorkOS.RuntimeIntegrationTests\WorkOS.RuntimeIntegrationTests.csproj", "{479A050C-D5FB-4993-B2B7-5E0E11A7B521}"
EndProject
Global
	GlobalSection(SolutionConfigurationPlatforms) = preSolution
		Debug|Any CPU = Debug|Any CPU
		Debug|x64 = Debug|x64
		Debug|x86 = Debug|x86
		Release|Any CPU = Release|Any CPU
		Release|x64 = Release|x64
		Release|x86 = Release|x86
	EndGlobalSection
	GlobalSection(ProjectConfigurationPlatforms) = postSolution
		{7E700882-D2C9-4793-A9BB-939B01373F5D}.Debug|Any CPU.ActiveCfg = Debug|Any CPU
		{7E700882-D2C9-4793-A9BB-939B01373F5D}.Debug|Any CPU.Build.0 = Debug|Any CPU
		{7E700882-D2C9-4793-A9BB-939B01373F5D}.Debug|x64.ActiveCfg = Debug|Any CPU
		{7E700882-D2C9-4793-A9BB-939B01373F5D}.Debug|x64.Build.0 = Debug|Any CPU
		{7E700882-D2C9-4793-A9BB-939B01373F5D}.Debug|x86.ActiveCfg = Debug|Any CPU
		{7E700882-D2C9-4793-A9BB-939B01373F5D}.Debug|x86.Build.0 = Debug|Any CPU
		{7E700882-D2C9-4793-A9BB-939B01373F5D}.Release|Any CPU.ActiveCfg = Release|Any CPU
		{7E700882-D2C9-4793-A9BB-939B01373F5D}.Release|Any CPU.Build.0 = Release|Any CPU
		{7E700882-D2C9-4793-A9BB-939B01373F5D}.Release|x64.ActiveCfg = Release|Any CPU
		{7E700882-D2C9-4793-A9BB-939B01373F5D}.Release|x64.Build.0 = Release|Any CPU
		{7E700882-D2C9-4793-A9BB-939B01373F5D}.Release|x86.ActiveCfg = Release|Any CPU
		{7E700882-D2C9-4793-A9BB-939B01373F5D}.Release|x86.Build.0 = Release|Any CPU
		{1051CB13-231B-444F-B39C-29C1E8D95ED8}.Debug|Any CPU.ActiveCfg = Debug|Any CPU
		{1051CB13-231B-444F-B39C-29C1E8D95ED8}.Debug|Any CPU.Build.0 = Debug|Any CPU
		{1051CB13-231B-444F-B39C-29C1E8D95ED8}.Debug|x64.ActiveCfg = Debug|Any CPU
		{1051CB13-231B-444F-B39C-29C1E8D95ED8}.Debug|x64.Build.0 = Debug|Any CPU
		{1051CB13-231B-444F-B39C-29C1E8D95ED8}.Debug|x86.ActiveCfg = Debug|Any CPU
		{1051CB13-231B-444F-B39C-29C1E8D95ED8}.Debug|x86.Build.0 = Debug|Any CPU
		{1051CB13-231B-444F-B39C-29C1E8D95ED8}.Release|Any CPU.ActiveCfg = Release|Any CPU
		{1051CB13-231B-444F-B39C-29C1E8D95ED8}.Release|Any CPU.Build.0 = Release|Any CPU
		{1051CB13-231B-444F-B39C-29C1E8D95ED8}.Release|x64.ActiveCfg = Release|Any CPU
		{1051CB13-231B-444F-B39C-29C1E8D95ED8}.Release|x64.Build.0 = Release|Any CPU
		{1051CB13-231B-444F-B39C-29C1E8D95ED8}.Release|x86.ActiveCfg = Release|Any CPU
		{1051CB13-231B-444F-B39C-29C1E8D95ED8}.Release|x86.Build.0 = Release|Any CPU
		{EF9E8284-721B-450B-B431-A8DB5172F428}.Debug|Any CPU.ActiveCfg = Debug|Any CPU
		{EF9E8284-721B-450B-B431-A8DB5172F428}.Debug|Any CPU.Build.0 = Debug|Any CPU
		{EF9E8284-721B-450B-B431-A8DB5172F428}.Debug|x64.ActiveCfg = Debug|Any CPU
		{EF9E8284-721B-450B-B431-A8DB5172F428}.Debug|x64.Build.0 = Debug|Any CPU
		{EF9E8284-721B-450B-B431-A8DB5172F428}.Debug|x86.ActiveCfg = Debug|Any CPU
		{EF9E8284-721B-450B-B431-A8DB5172F428}.Debug|x86.Build.0 = Debug|Any CPU
		{EF9E8284-721B-450B-B431-A8DB5172F428}.Release|Any CPU.ActiveCfg = Release|Any CPU
		{EF9E8284-721B-450B-B431-A8DB5172F428}.Release|Any CPU.Build.0 = Release|Any CPU
		{EF9E8284-721B-450B-B431-A8DB5172F428}.Release|x64.ActiveCfg = Release|Any CPU
		{EF9E8284-721B-450B-B431-A8DB5172F428}.Release|x64.Build.0 = Release|Any CPU
		{EF9E8284-721B-450B-B431-A8DB5172F428}.Release|x86.ActiveCfg = Release|Any CPU
		{EF9E8284-721B-450B-B431-A8DB5172F428}.Release|x86.Build.0 = Release|Any CPU
		{479A050C-D5FB-4993-B2B7-5E0E11A7B521}.Debug|Any CPU.ActiveCfg = Debug|Any CPU
		{479A050C-D5FB-4993-B2B7-5E0E11A7B521}.Debug|Any CPU.Build.0 = Debug|Any CPU
		{479A050C-D5FB-4993-B2B7-5E0E11A7B521}.Debug|x64.ActiveCfg = Debug|Any CPU
		{479A050C-D5FB-4993-B2B7-5E0E11A7B521}.Debug|x64.Build.0 = Debug|Any CPU
		{479A050C-D5FB-4993-B2B7-5E0E11A7B521}.Debug|x86.ActiveCfg = Debug|Any CPU
		{479A050C-D5FB-4993-B2B7-5E0E11A7B521}.Debug|x86.Build.0 = Debug|Any CPU
		{479A050C-D5FB-4993-B2B7-5E0E11A7B521}.Release|Any CPU.ActiveCfg = Release|Any CPU
		{479A050C-D5FB-4993-B2B7-5E0E11A7B521}.Release|Any CPU.Build.0 = Release|Any CPU
		{479A050C-D5FB-4993-B2B7-5E0E11A7B521}.Release|x64.ActiveCfg = Release|Any CPU
		{479A050C-D5FB-4993-B2B7-5E0E11A7B521}.Release|x64.Build.0 = Release|Any CPU
		{479A050C-D5FB-4993-B2B7-5E0E11A7B521}.Release|x86.ActiveCfg = Release|Any CPU
		{479A050C-D5FB-4993-B2B7-5E0E11A7B521}.Release|x86.Build.0 = Release|Any CPU
	EndGlobalSection
	GlobalSection(SolutionProperties) = preSolution
		HideSolutionNode = FALSE
	EndGlobalSection
	GlobalSection(NestedProjects) = preSolution
		{C61FFABA-6BE1-8DB9-97C8-179EA97A91C6} = {5854FF58-B8C5-05C6-5BF2-ACE42193F22B}
		{7E700882-D2C9-4793-A9BB-939B01373F5D} = {C61FFABA-6BE1-8DB9-97C8-179EA97A91C6}
		{1051CB13-231B-444F-B39C-29C1E8D95ED8} = {0AB3BF05-4346-4AA6-1389-037BE0695223}
		{EF9E8284-721B-450B-B431-A8DB5172F428} = {0AB3BF05-4346-4AA6-1389-037BE0695223}
		{479A050C-D5FB-4993-B2B7-5E0E11A7B521} = {0AB3BF05-4346-4AA6-1389-037BE0695223}
	EndGlobalSection
EndGlobal
